// !$*UTF8*$!
{
	archiveVersion = 1;
	classes = {
	};
	objectVersion = 50;
	objects = {

/* Begin PBXBuildFile section */
		23309B3B21E3AAA100892406 /* main.cpp in Sources */ = {isa = PBXBuildFile; fileRef = 23309B3A21E3AAA100892406 /* main.cpp */; };
		23309B4521E6577F00892406 /* Utils.cpp in Sources */ = {isa = PBXBuildFile; fileRef = 23309B4421E6577F00892406 /* Utils.cpp */; };
		23309B4E21E6688000892406 /* main.cpp in Sources */ = {isa = PBXBuildFile; fileRef = 23309B4D21E6688000892406 /* main.cpp */; };
		23309B5221E668A500892406 /* test_Utils.cpp in Sources */ = {isa = PBXBuildFile; fileRef = 23309B4621E6653300892406 /* test_Utils.cpp */; };
		501898B221F4A4C100F1EF4D /* ogg_bitwise.c in Sources */ = {isa = PBXBuildFile; fileRef = 501898B021F4A4C000F1EF4D /* ogg_bitwise.c */; };
		501898B321F4A4C100F1EF4D /* ogg_framing.c in Sources */ = {isa = PBXBuildFile; fileRef = 501898B121F4A4C000F1EF4D /* ogg_framing.c */; };
		501898C721F4A4D300F1EF4D /* vorbis_lpc.c in Sources */ = {isa = PBXBuildFile; fileRef = 501898B421F4A4D200F1EF4D /* vorbis_lpc.c */; };
		501898C821F4A4D300F1EF4D /* vorbis_registry.c in Sources */ = {isa = PBXBuildFile; fileRef = 501898B521F4A4D200F1EF4D /* vorbis_registry.c */; };
		501898C921F4A4D300F1EF4D /* vorbis_bitrate.c in Sources */ = {isa = PBXBuildFile; fileRef = 501898B621F4A4D200F1EF4D /* vorbis_bitrate.c */; };
		501898CA21F4A4D300F1EF4D /* vorbis_sharedbook.c in Sources */ = {isa = PBXBuildFile; fileRef = 501898B721F4A4D200F1EF4D /* vorbis_sharedbook.c */; };
		501898CB21F4A4D300F1EF4D /* vorbis_vorbisfile.c in Sources */ = {isa = PBXBuildFile; fileRef = 501898B821F4A4D200F1EF4D /* vorbis_vorbisfile.c */; };
		501898CC21F4A4D300F1EF4D /* vorbis_info.c in Sources */ = {isa = PBXBuildFile; fileRef = 501898B921F4A4D200F1EF4D /* vorbis_info.c */; };
		501898CD21F4A4D300F1EF4D /* vorbis_codebook.c in Sources */ = {isa = PBXBuildFile; fileRef = 501898BA21F4A4D200F1EF4D /* vorbis_codebook.c */; };
		501898CE21F4A4D300F1EF4D /* vorbis_smallft.c in Sources */ = {isa = PBXBuildFile; fileRef = 501898BB21F4A4D200F1EF4D /* vorbis_smallft.c */; };
		501898CF21F4A4D300F1EF4D /* vorbis_res0.c in Sources */ = {isa = PBXBuildFile; fileRef = 501898BC21F4A4D200F1EF4D /* vorbis_res0.c */; };
		501898D021F4A4D300F1EF4D /* vorbis_window.c in Sources */ = {isa = PBXBuildFile; fileRef = 501898BD21F4A4D200F1EF4D /* vorbis_window.c */; };
		501898D121F4A4D300F1EF4D /* vorbis_psy.c in Sources */ = {isa = PBXBuildFile; fileRef = 501898BE21F4A4D200F1EF4D /* vorbis_psy.c */; };
		501898D221F4A4D300F1EF4D /* vorbis_envelope.c in Sources */ = {isa = PBXBuildFile; fileRef = 501898BF21F4A4D200F1EF4D /* vorbis_envelope.c */; };
		501898D321F4A4D300F1EF4D /* vorbis_mdct.c in Sources */ = {isa = PBXBuildFile; fileRef = 501898C021F4A4D200F1EF4D /* vorbis_mdct.c */; };
		501898D421F4A4D300F1EF4D /* vorbis_floor1.c in Sources */ = {isa = PBXBuildFile; fileRef = 501898C121F4A4D200F1EF4D /* vorbis_floor1.c */; };
		501898D521F4A4D300F1EF4D /* vorbis_block.c in Sources */ = {isa = PBXBuildFile; fileRef = 501898C221F4A4D200F1EF4D /* vorbis_block.c */; };
		501898D621F4A4D300F1EF4D /* vorbis_lsp.c in Sources */ = {isa = PBXBuildFile; fileRef = 501898C321F4A4D200F1EF4D /* vorbis_lsp.c */; };
		501898D721F4A4D300F1EF4D /* vorbis_mapping0.c in Sources */ = {isa = PBXBuildFile; fileRef = 501898C421F4A4D200F1EF4D /* vorbis_mapping0.c */; };
		501898D821F4A4D300F1EF4D /* vorbis_floor0.c in Sources */ = {isa = PBXBuildFile; fileRef = 501898C521F4A4D200F1EF4D /* vorbis_floor0.c */; };
		501898D921F4A4D300F1EF4D /* vorbis_synthesis.c in Sources */ = {isa = PBXBuildFile; fileRef = 501898C621F4A4D200F1EF4D /* vorbis_synthesis.c */; };
		501898F221F4A5E700F1EF4D /* libvorbis-demo.cpp in Sources */ = {isa = PBXBuildFile; fileRef = 501898F121F4A5E700F1EF4D /* libvorbis-demo.cpp */; };
/* End PBXBuildFile section */

/* Begin PBXCopyFilesBuildPhase section */
		23309B3521E3AAA100892406 /* CopyFiles */ = {
			isa = PBXCopyFilesBuildPhase;
			buildActionMask = 2147483647;
			dstPath = /usr/share/man/man1/;
			dstSubfolderSpec = 0;
			files = (
			);
			runOnlyForDeploymentPostprocessing = 1;
		};
		23309B4921E6688000892406 /* CopyFiles */ = {
			isa = PBXCopyFilesBuildPhase;
			buildActionMask = 2147483647;
			dstPath = /usr/share/man/man1/;
			dstSubfolderSpec = 0;
			files = (
			);
			runOnlyForDeploymentPostprocessing = 1;
		};
		501898A721F4A46A00F1EF4D /* CopyFiles */ = {
			isa = PBXCopyFilesBuildPhase;
			buildActionMask = 2147483647;
			dstPath = /usr/share/man/man1/;
			dstSubfolderSpec = 0;
			files = (
			);
			runOnlyForDeploymentPostprocessing = 1;
		};
/* End PBXCopyFilesBuildPhase section */

/* Begin PBXFileReference section */
		23309B3721E3AAA100892406 /* ParseOggVorbis */ = {isa = PBXFileReference; explicitFileType = "compiled.mach-o.executable"; includeInIndex = 0; path = ParseOggVorbis; sourceTree = BUILT_PRODUCTS_DIR; };
		23309B3A21E3AAA100892406 /* main.cpp */ = {isa = PBXFileReference; lastKnownFileType = sourcecode.cpp.cpp; path = main.cpp; sourceTree = "<group>"; };
		23309B4121E497E800892406 /* README.md */ = {isa = PBXFileReference; lastKnownFileType = net.daringfireball.markdown; path = README.md; sourceTree = "<group>"; };
		23309B4221E4FCEF00892406 /* crctable.h */ = {isa = PBXFileReference; lastKnownFileType = sourcecode.c.h; path = crctable.h; sourceTree = "<group>"; };
		23309B4321E6574400892406 /* Utils.hpp */ = {isa = PBXFileReference; lastKnownFileType = sourcecode.cpp.h; path = Utils.hpp; sourceTree = "<group>"; };
		23309B4421E6577F00892406 /* Utils.cpp */ = {isa = PBXFileReference; lastKnownFileType = sourcecode.cpp.cpp; path = Utils.cpp; sourceTree = "<group>"; };
		23309B4621E6653300892406 /* test_Utils.cpp */ = {isa = PBXFileReference; lastKnownFileType = sourcecode.cpp.cpp; path = test_Utils.cpp; sourceTree = "<group>"; };
		23309B4B21E6688000892406 /* Test */ = {isa = PBXFileReference; explicitFileType = "compiled.mach-o.executable"; includeInIndex = 0; path = Test; sourceTree = BUILT_PRODUCTS_DIR; };
		23309B4D21E6688000892406 /* main.cpp */ = {isa = PBXFileReference; lastKnownFileType = sourcecode.cpp.cpp; path = main.cpp; sourceTree = "<group>"; };
		501898A921F4A46A00F1EF4D /* libvorbis-standalone */ = {isa = PBXFileReference; explicitFileType = "compiled.mach-o.executable"; includeInIndex = 0; path = "libvorbis-standalone"; sourceTree = BUILT_PRODUCTS_DIR; };
		501898B021F4A4C000F1EF4D /* ogg_bitwise.c */ = {isa = PBXFileReference; fileEncoding = 4; lastKnownFileType = sourcecode.c.c; name = ogg_bitwise.c; path = "tests/libvorbis-standalone/ogg_bitwise.c"; sourceTree = SOURCE_ROOT; };
		501898B121F4A4C000F1EF4D /* ogg_framing.c */ = {isa = PBXFileReference; fileEncoding = 4; lastKnownFileType = sourcecode.c.c; name = ogg_framing.c; path = "tests/libvorbis-standalone/ogg_framing.c"; sourceTree = SOURCE_ROOT; };
		501898B421F4A4D200F1EF4D /* vorbis_lpc.c */ = {isa = PBXFileReference; fileEncoding = 4; lastKnownFileType = sourcecode.c.c; name = vorbis_lpc.c; path = "tests/libvorbis-standalone/vorbis_lpc.c"; sourceTree = SOURCE_ROOT; };
		501898B521F4A4D200F1EF4D /* vorbis_registry.c */ = {isa = PBXFileReference; fileEncoding = 4; lastKnownFileType = sourcecode.c.c; name = vorbis_registry.c; path = "tests/libvorbis-standalone/vorbis_registry.c"; sourceTree = SOURCE_ROOT; };
		501898B621F4A4D200F1EF4D /* vorbis_bitrate.c */ = {isa = PBXFileReference; fileEncoding = 4; lastKnownFileType = sourcecode.c.c; name = vorbis_bitrate.c; path = "tests/libvorbis-standalone/vorbis_bitrate.c"; sourceTree = SOURCE_ROOT; };
		501898B721F4A4D200F1EF4D /* vorbis_sharedbook.c */ = {isa = PBXFileReference; fileEncoding = 4; lastKnownFileType = sourcecode.c.c; name = vorbis_sharedbook.c; path = "tests/libvorbis-standalone/vorbis_sharedbook.c"; sourceTree = SOURCE_ROOT; };
		501898B821F4A4D200F1EF4D /* vorbis_vorbisfile.c */ = {isa = PBXFileReference; fileEncoding = 4; lastKnownFileType = sourcecode.c.c; name = vorbis_vorbisfile.c; path = "tests/libvorbis-standalone/vorbis_vorbisfile.c"; sourceTree = SOURCE_ROOT; };
		501898B921F4A4D200F1EF4D /* vorbis_info.c */ = {isa = PBXFileReference; fileEncoding = 4; lastKnownFileType = sourcecode.c.c; name = vorbis_info.c; path = "tests/libvorbis-standalone/vorbis_info.c"; sourceTree = SOURCE_ROOT; };
		501898BA21F4A4D200F1EF4D /* vorbis_codebook.c */ = {isa = PBXFileReference; fileEncoding = 4; lastKnownFileType = sourcecode.c.c; name = vorbis_codebook.c; path = "tests/libvorbis-standalone/vorbis_codebook.c"; sourceTree = SOURCE_ROOT; };
		501898BB21F4A4D200F1EF4D /* vorbis_smallft.c */ = {isa = PBXFileReference; fileEncoding = 4; lastKnownFileType = sourcecode.c.c; name = vorbis_smallft.c; path = "tests/libvorbis-standalone/vorbis_smallft.c"; sourceTree = SOURCE_ROOT; };
		501898BC21F4A4D200F1EF4D /* vorbis_res0.c */ = {isa = PBXFileReference; fileEncoding = 4; lastKnownFileType = sourcecode.c.c; name = vorbis_res0.c; path = "tests/libvorbis-standalone/vorbis_res0.c"; sourceTree = SOURCE_ROOT; };
		501898BD21F4A4D200F1EF4D /* vorbis_window.c */ = {isa = PBXFileReference; fileEncoding = 4; lastKnownFileType = sourcecode.c.c; name = vorbis_window.c; path = "tests/libvorbis-standalone/vorbis_window.c"; sourceTree = SOURCE_ROOT; };
		501898BE21F4A4D200F1EF4D /* vorbis_psy.c */ = {isa = PBXFileReference; fileEncoding = 4; lastKnownFileType = sourcecode.c.c; name = vorbis_psy.c; path = "tests/libvorbis-standalone/vorbis_psy.c"; sourceTree = SOURCE_ROOT; };
		501898BF21F4A4D200F1EF4D /* vorbis_envelope.c */ = {isa = PBXFileReference; fileEncoding = 4; lastKnownFileType = sourcecode.c.c; name = vorbis_envelope.c; path = "tests/libvorbis-standalone/vorbis_envelope.c"; sourceTree = SOURCE_ROOT; };
		501898C021F4A4D200F1EF4D /* vorbis_mdct.c */ = {isa = PBXFileReference; fileEncoding = 4; lastKnownFileType = sourcecode.c.c; name = vorbis_mdct.c; path = "tests/libvorbis-standalone/vorbis_mdct.c"; sourceTree = SOURCE_ROOT; };
		501898C121F4A4D200F1EF4D /* vorbis_floor1.c */ = {isa = PBXFileReference; fileEncoding = 4; lastKnownFileType = sourcecode.c.c; name = vorbis_floor1.c; path = "tests/libvorbis-standalone/vorbis_floor1.c"; sourceTree = SOURCE_ROOT; };
		501898C221F4A4D200F1EF4D /* vorbis_block.c */ = {isa = PBXFileReference; fileEncoding = 4; lastKnownFileType = sourcecode.c.c; name = vorbis_block.c; path = "tests/libvorbis-standalone/vorbis_block.c"; sourceTree = SOURCE_ROOT; };
		501898C321F4A4D200F1EF4D /* vorbis_lsp.c */ = {isa = PBXFileReference; fileEncoding = 4; lastKnownFileType = sourcecode.c.c; name = vorbis_lsp.c; path = "tests/libvorbis-standalone/vorbis_lsp.c"; sourceTree = SOURCE_ROOT; };
		501898C421F4A4D200F1EF4D /* vorbis_mapping0.c */ = {isa = PBXFileReference; fileEncoding = 4; lastKnownFileType = sourcecode.c.c; name = vorbis_mapping0.c; path = "tests/libvorbis-standalone/vorbis_mapping0.c"; sourceTree = SOURCE_ROOT; };
		501898C521F4A4D200F1EF4D /* vorbis_floor0.c */ = {isa = PBXFileReference; fileEncoding = 4; lastKnownFileType = sourcecode.c.c; name = vorbis_floor0.c; path = "tests/libvorbis-standalone/vorbis_floor0.c"; sourceTree = SOURCE_ROOT; };
		501898C621F4A4D200F1EF4D /* vorbis_synthesis.c */ = {isa = PBXFileReference; fileEncoding = 4; lastKnownFileType = sourcecode.c.c; name = vorbis_synthesis.c; path = "tests/libvorbis-standalone/vorbis_synthesis.c"; sourceTree = SOURCE_ROOT; };
		501898DA21F4A4E000F1EF4D /* codec_internal.h */ = {isa = PBXFileReference; lastKnownFileType = sourcecode.c.h; name = codec_internal.h; path = "tests/libvorbis-standalone/codec_internal.h"; sourceTree = SOURCE_ROOT; };
		501898DB21F4A4E100F1EF4D /* backends.h */ = {isa = PBXFileReference; lastKnownFileType = sourcecode.c.h; name = backends.h; path = "tests/libvorbis-standalone/backends.h"; sourceTree = SOURCE_ROOT; };
		501898DC21F4A4E100F1EF4D /* lookup.h */ = {isa = PBXFileReference; lastKnownFileType = sourcecode.c.h; name = lookup.h; path = "tests/libvorbis-standalone/lookup.h"; sourceTree = SOURCE_ROOT; };
		501898DD21F4A4E100F1EF4D /* highlevel.h */ = {isa = PBXFileReference; lastKnownFileType = sourcecode.c.h; name = highlevel.h; path = "tests/libvorbis-standalone/highlevel.h"; sourceTree = SOURCE_ROOT; };
		501898DE21F4A4E100F1EF4D /* codebook.h */ = {isa = PBXFileReference; lastKnownFileType = sourcecode.c.h; name = codebook.h; path = "tests/libvorbis-standalone/codebook.h"; sourceTree = SOURCE_ROOT; };
		501898DF21F4A4E100F1EF4D /* lpc.h */ = {isa = PBXFileReference; lastKnownFileType = sourcecode.c.h; name = lpc.h; path = "tests/libvorbis-standalone/lpc.h"; sourceTree = SOURCE_ROOT; };
		501898E021F4A4E100F1EF4D /* lsp.h */ = {isa = PBXFileReference; lastKnownFileType = sourcecode.c.h; name = lsp.h; path = "tests/libvorbis-standalone/lsp.h"; sourceTree = SOURCE_ROOT; };
		501898E121F4A4E100F1EF4D /* mdct.h */ = {isa = PBXFileReference; lastKnownFileType = sourcecode.c.h; name = mdct.h; path = "tests/libvorbis-standalone/mdct.h"; sourceTree = SOURCE_ROOT; };
		501898E221F4A4E100F1EF4D /* envelope.h */ = {isa = PBXFileReference; lastKnownFileType = sourcecode.c.h; name = envelope.h; path = "tests/libvorbis-standalone/envelope.h"; sourceTree = SOURCE_ROOT; };
		501898E321F4A4E100F1EF4D /* bitrate.h */ = {isa = PBXFileReference; lastKnownFileType = sourcecode.c.h; name = bitrate.h; path = "tests/libvorbis-standalone/bitrate.h"; sourceTree = SOURCE_ROOT; };
		501898E421F4A4E100F1EF4D /* misc.h */ = {isa = PBXFileReference; lastKnownFileType = sourcecode.c.h; name = misc.h; path = "tests/libvorbis-standalone/misc.h"; sourceTree = SOURCE_ROOT; };
		501898E521F4A4E100F1EF4D /* masking.h */ = {isa = PBXFileReference; lastKnownFileType = sourcecode.c.h; name = masking.h; path = "tests/libvorbis-standalone/masking.h"; sourceTree = SOURCE_ROOT; };
		501898E621F4A4EA00F1EF4D /* os.h */ = {isa = PBXFileReference; lastKnownFileType = sourcecode.c.h; name = os.h; path = "tests/libvorbis-standalone/os.h"; sourceTree = SOURCE_ROOT; };
		501898E721F4A4EA00F1EF4D /* registry.h */ = {isa = PBXFileReference; lastKnownFileType = sourcecode.c.h; name = registry.h; path = "tests/libvorbis-standalone/registry.h"; sourceTree = SOURCE_ROOT; };
		501898E821F4A4EB00F1EF4D /* psy.h */ = {isa = PBXFileReference; lastKnownFileType = sourcecode.c.h; name = psy.h; path = "tests/libvorbis-standalone/psy.h"; sourceTree = SOURCE_ROOT; };
		501898E921F4A4EB00F1EF4D /* smallft.h */ = {isa = PBXFileReference; lastKnownFileType = sourcecode.c.h; name = smallft.h; path = "tests/libvorbis-standalone/smallft.h"; sourceTree = SOURCE_ROOT; };
		501898EA21F4A4EB00F1EF4D /* scales.h */ = {isa = PBXFileReference; lastKnownFileType = sourcecode.c.h; name = scales.h; path = "tests/libvorbis-standalone/scales.h"; sourceTree = SOURCE_ROOT; };
		501898EC21F4A4F700F1EF4D /* ogg.h */ = {isa = PBXFileReference; lastKnownFileType = sourcecode.c.h; path = ogg.h; sourceTree = "<group>"; };
		501898ED21F4A4F700F1EF4D /* os_types.h */ = {isa = PBXFileReference; lastKnownFileType = sourcecode.c.h; path = os_types.h; sourceTree = "<group>"; };
		501898EF21F4A4F700F1EF4D /* vorbisfile.h */ = {isa = PBXFileReference; lastKnownFileType = sourcecode.c.h; path = vorbisfile.h; sourceTree = "<group>"; };
		501898F021F4A4F700F1EF4D /* codec.h */ = {isa = PBXFileReference; lastKnownFileType = sourcecode.c.h; path = codec.h; sourceTree = "<group>"; };
		501898F121F4A5E700F1EF4D /* libvorbis-demo.cpp */ = {isa = PBXFileReference; fileEncoding = 4; lastKnownFileType = sourcecode.cpp.cpp; name = "libvorbis-demo.cpp"; path = "tests/libvorbis-demo.cpp"; sourceTree = SOURCE_ROOT; };
/* End PBXFileReference section */

/* Begin PBXFrameworksBuildPhase section */
		23309B3421E3AAA100892406 /* Frameworks */ = {
			isa = PBXFrameworksBuildPhase;
			buildActionMask = 2147483647;
			files = (
			);
			runOnlyForDeploymentPostprocessing = 0;
		};
		23309B4821E6688000892406 /* Frameworks */ = {
			isa = PBXFrameworksBuildPhase;
			buildActionMask = 2147483647;
			files = (
			);
			runOnlyForDeploymentPostprocessing = 0;
		};
		501898A621F4A46A00F1EF4D /* Frameworks */ = {
			isa = PBXFrameworksBuildPhase;
			buildActionMask = 2147483647;
			files = (
			);
			runOnlyForDeploymentPostprocessing = 0;
		};
/* End PBXFrameworksBuildPhase section */

/* Begin PBXGroup section */
		23309B2E21E3AAA100892406 = {
			isa = PBXGroup;
			children = (
				23309B4121E497E800892406 /* README.md */,
				23309B3921E3AAA100892406 /* src */,
				23309B4C21E6688000892406 /* tests */,
				501898A421F4A3F900F1EF4D /* libvorbis-standalone */,
				23309B3821E3AAA100892406 /* Products */,
			);
			sourceTree = "<group>";
		};
		23309B3821E3AAA100892406 /* Products */ = {
			isa = PBXGroup;
			children = (
				23309B3721E3AAA100892406 /* ParseOggVorbis */,
				23309B4B21E6688000892406 /* Test */,
				501898A921F4A46A00F1EF4D /* libvorbis-standalone */,
			);
			name = Products;
			sourceTree = "<group>";
		};
		23309B3921E3AAA100892406 /* src */ = {
			isa = PBXGroup;
			children = (
				23309B3A21E3AAA100892406 /* main.cpp */,
				23309B4221E4FCEF00892406 /* crctable.h */,
				23309B4321E6574400892406 /* Utils.hpp */,
				23309B4421E6577F00892406 /* Utils.cpp */,
			);
			path = src;
			sourceTree = "<group>";
		};
		23309B4C21E6688000892406 /* tests */ = {
			isa = PBXGroup;
			children = (
				23309B4621E6653300892406 /* test_Utils.cpp */,
				23309B4D21E6688000892406 /* main.cpp */,
			);
			path = tests;
			sourceTree = "<group>";
		};
		501898A421F4A3F900F1EF4D /* libvorbis-standalone */ = {
			isa = PBXGroup;
			children = (
				501898F121F4A5E700F1EF4D /* libvorbis-demo.cpp */,
				501898EB21F4A4F700F1EF4D /* ogg */,
				501898EE21F4A4F700F1EF4D /* vorbis */,
				501898B021F4A4C000F1EF4D /* ogg_bitwise.c */,
				501898B121F4A4C000F1EF4D /* ogg_framing.c */,
				501898B621F4A4D200F1EF4D /* vorbis_bitrate.c */,
				501898C221F4A4D200F1EF4D /* vorbis_block.c */,
				501898BA21F4A4D200F1EF4D /* vorbis_codebook.c */,
				501898BF21F4A4D200F1EF4D /* vorbis_envelope.c */,
				501898C521F4A4D200F1EF4D /* vorbis_floor0.c */,
				501898C121F4A4D200F1EF4D /* vorbis_floor1.c */,
				501898B921F4A4D200F1EF4D /* vorbis_info.c */,
				501898B421F4A4D200F1EF4D /* vorbis_lpc.c */,
				501898C321F4A4D200F1EF4D /* vorbis_lsp.c */,
				501898C421F4A4D200F1EF4D /* vorbis_mapping0.c */,
				501898C021F4A4D200F1EF4D /* vorbis_mdct.c */,
				501898BE21F4A4D200F1EF4D /* vorbis_psy.c */,
				501898B521F4A4D200F1EF4D /* vorbis_registry.c */,
				501898BC21F4A4D200F1EF4D /* vorbis_res0.c */,
				501898B721F4A4D200F1EF4D /* vorbis_sharedbook.c */,
				501898BB21F4A4D200F1EF4D /* vorbis_smallft.c */,
				501898C621F4A4D200F1EF4D /* vorbis_synthesis.c */,
				501898B821F4A4D200F1EF4D /* vorbis_vorbisfile.c */,
				501898BD21F4A4D200F1EF4D /* vorbis_window.c */,
				501898DB21F4A4E100F1EF4D /* backends.h */,
				501898E321F4A4E100F1EF4D /* bitrate.h */,
				501898DE21F4A4E100F1EF4D /* codebook.h */,
				501898DA21F4A4E000F1EF4D /* codec_internal.h */,
				501898E221F4A4E100F1EF4D /* envelope.h */,
				501898DD21F4A4E100F1EF4D /* highlevel.h */,
				501898DC21F4A4E100F1EF4D /* lookup.h */,
				501898DF21F4A4E100F1EF4D /* lpc.h */,
				501898E021F4A4E100F1EF4D /* lsp.h */,
				501898E521F4A4E100F1EF4D /* masking.h */,
				501898E121F4A4E100F1EF4D /* mdct.h */,
				501898E421F4A4E100F1EF4D /* misc.h */,
				501898E621F4A4EA00F1EF4D /* os.h */,
				501898E821F4A4EB00F1EF4D /* psy.h */,
				501898E721F4A4EA00F1EF4D /* registry.h */,
				501898EA21F4A4EB00F1EF4D /* scales.h */,
				501898E921F4A4EB00F1EF4D /* smallft.h */,
			);
			path = "libvorbis-standalone";
			sourceTree = "<group>";
		};
		501898EB21F4A4F700F1EF4D /* ogg */ = {
			isa = PBXGroup;
			children = (
				501898EC21F4A4F700F1EF4D /* ogg.h */,
				501898ED21F4A4F700F1EF4D /* os_types.h */,
			);
			name = ogg;
			path = "tests/libvorbis-standalone/ogg";
			sourceTree = SOURCE_ROOT;
		};
		501898EE21F4A4F700F1EF4D /* vorbis */ = {
			isa = PBXGroup;
			children = (
				501898EF21F4A4F700F1EF4D /* vorbisfile.h */,
				501898F021F4A4F700F1EF4D /* codec.h */,
			);
			name = vorbis;
			path = "tests/libvorbis-standalone/vorbis";
			sourceTree = SOURCE_ROOT;
		};
/* End PBXGroup section */

/* Begin PBXNativeTarget section */
		23309B3621E3AAA100892406 /* ParseOggVorbis */ = {
			isa = PBXNativeTarget;
			buildConfigurationList = 23309B3E21E3AAA100892406 /* Build configuration list for PBXNativeTarget "ParseOggVorbis" */;
			buildPhases = (
				23309B3321E3AAA100892406 /* Sources */,
				23309B3421E3AAA100892406 /* Frameworks */,
				23309B3521E3AAA100892406 /* CopyFiles */,
			);
			buildRules = (
			);
			dependencies = (
			);
			name = ParseOggVorbis;
			productName = ParseOggVorbis;
			productReference = 23309B3721E3AAA100892406 /* ParseOggVorbis */;
			productType = "com.apple.product-type.tool";
		};
		23309B4A21E6688000892406 /* Test */ = {
			isa = PBXNativeTarget;
			buildConfigurationList = 23309B4F21E6688000892406 /* Build configuration list for PBXNativeTarget "Test" */;
			buildPhases = (
				23309B4721E6688000892406 /* Sources */,
				23309B4821E6688000892406 /* Frameworks */,
				23309B4921E6688000892406 /* CopyFiles */,
			);
			buildRules = (
			);
			dependencies = (
			);
			name = Test;
			productName = Test;
			productReference = 23309B4B21E6688000892406 /* Test */;
			productType = "com.apple.product-type.tool";
		};
		501898A821F4A46A00F1EF4D /* libvorbis-standalone */ = {
			isa = PBXNativeTarget;
			buildConfigurationList = 501898AD21F4A46A00F1EF4D /* Build configuration list for PBXNativeTarget "libvorbis-standalone" */;
			buildPhases = (
				501898A521F4A46A00F1EF4D /* Sources */,
				501898A621F4A46A00F1EF4D /* Frameworks */,
				501898A721F4A46A00F1EF4D /* CopyFiles */,
			);
			buildRules = (
			);
			dependencies = (
			);
			name = "libvorbis-standalone";
			productName = "libvorbis-standalone";
			productReference = 501898A921F4A46A00F1EF4D /* libvorbis-standalone */;
			productType = "com.apple.product-type.tool";
		};
/* End PBXNativeTarget section */

/* Begin PBXProject section */
		23309B2F21E3AAA100892406 /* Project object */ = {
			isa = PBXProject;
			attributes = {
				LastUpgradeCheck = 1010;
				ORGANIZATIONNAME = "Albert Zeyer";
				TargetAttributes = {
					23309B3621E3AAA100892406 = {
						CreatedOnToolsVersion = 10.1;
					};
					23309B4A21E6688000892406 = {
						CreatedOnToolsVersion = 10.1;
					};
					501898A821F4A46A00F1EF4D = {
						CreatedOnToolsVersion = 10.1;
					};
				};
			};
			buildConfigurationList = 23309B3221E3AAA100892406 /* Build configuration list for PBXProject "ParseOggVorbis" */;
			compatibilityVersion = "Xcode 9.3";
			developmentRegion = en;
			hasScannedForEncodings = 0;
			knownRegions = (
				en,
			);
			mainGroup = 23309B2E21E3AAA100892406;
			productRefGroup = 23309B3821E3AAA100892406 /* Products */;
			projectDirPath = "";
			projectRoot = "";
			targets = (
				23309B3621E3AAA100892406 /* ParseOggVorbis */,
				23309B4A21E6688000892406 /* Test */,
				501898A821F4A46A00F1EF4D /* libvorbis-standalone */,
			);
		};
/* End PBXProject section */

/* Begin PBXSourcesBuildPhase section */
		23309B3321E3AAA100892406 /* Sources */ = {
			isa = PBXSourcesBuildPhase;
			buildActionMask = 2147483647;
			files = (
				23309B3B21E3AAA100892406 /* main.cpp in Sources */,
				23309B4521E6577F00892406 /* Utils.cpp in Sources */,
			);
			runOnlyForDeploymentPostprocessing = 0;
		};
		23309B4721E6688000892406 /* Sources */ = {
			isa = PBXSourcesBuildPhase;
			buildActionMask = 2147483647;
			files = (
				23309B4E21E6688000892406 /* main.cpp in Sources */,
				23309B5221E668A500892406 /* test_Utils.cpp in Sources */,
			);
			runOnlyForDeploymentPostprocessing = 0;
		};
		501898A521F4A46A00F1EF4D /* Sources */ = {
			isa = PBXSourcesBuildPhase;
			buildActionMask = 2147483647;
			files = (
				501898D621F4A4D300F1EF4D /* vorbis_lsp.c in Sources */,
				501898D321F4A4D300F1EF4D /* vorbis_mdct.c in Sources */,
				501898B321F4A4C100F1EF4D /* ogg_framing.c in Sources */,
				501898C921F4A4D300F1EF4D /* vorbis_bitrate.c in Sources */,
				501898D921F4A4D300F1EF4D /* vorbis_synthesis.c in Sources */,
				501898C721F4A4D300F1EF4D /* vorbis_lpc.c in Sources */,
				501898D521F4A4D300F1EF4D /* vorbis_block.c in Sources */,
				501898CB21F4A4D300F1EF4D /* vorbis_vorbisfile.c in Sources */,
				501898CD21F4A4D300F1EF4D /* vorbis_codebook.c in Sources */,
				501898B221F4A4C100F1EF4D /* ogg_bitwise.c in Sources */,
				501898D421F4A4D300F1EF4D /* vorbis_floor1.c in Sources */,
				501898D221F4A4D300F1EF4D /* vorbis_envelope.c in Sources */,
				501898D121F4A4D300F1EF4D /* vorbis_psy.c in Sources */,
				501898CE21F4A4D300F1EF4D /* vorbis_smallft.c in Sources */,
				501898CA21F4A4D300F1EF4D /* vorbis_sharedbook.c in Sources */,
				501898D821F4A4D300F1EF4D /* vorbis_floor0.c in Sources */,
				501898D021F4A4D300F1EF4D /* vorbis_window.c in Sources */,
				501898CC21F4A4D300F1EF4D /* vorbis_info.c in Sources */,
				501898D721F4A4D300F1EF4D /* vorbis_mapping0.c in Sources */,
				501898F221F4A5E700F1EF4D /* libvorbis-demo.cpp in Sources */,
				501898CF21F4A4D300F1EF4D /* vorbis_res0.c in Sources */,
				501898C821F4A4D300F1EF4D /* vorbis_registry.c in Sources */,
			);
			runOnlyForDeploymentPostprocessing = 0;
		};
/* End PBXSourcesBuildPhase section */

/* Begin XCBuildConfiguration section */
		23309B3C21E3AAA100892406 /* Debug */ = {
			isa = XCBuildConfiguration;
			buildSettings = {
				ALWAYS_SEARCH_USER_PATHS = NO;
				CLANG_ANALYZER_NONNULL = YES;
				CLANG_ANALYZER_NUMBER_OBJECT_CONVERSION = YES_AGGRESSIVE;
				CLANG_CXX_LANGUAGE_STANDARD = "gnu++14";
				CLANG_CXX_LIBRARY = "libc++";
				CLANG_ENABLE_MODULES = YES;
				CLANG_ENABLE_OBJC_ARC = YES;
				CLANG_ENABLE_OBJC_WEAK = YES;
				CLANG_WARN_BLOCK_CAPTURE_AUTORELEASING = YES;
				CLANG_WARN_BOOL_CONVERSION = YES;
				CLANG_WARN_COMMA = YES;
				CLANG_WARN_CONSTANT_CONVERSION = YES;
				CLANG_WARN_DEPRECATED_OBJC_IMPLEMENTATIONS = YES;
				CLANG_WARN_DIRECT_OBJC_ISA_USAGE = YES_ERROR;
				CLANG_WARN_DOCUMENTATION_COMMENTS = YES;
				CLANG_WARN_EMPTY_BODY = YES;
				CLANG_WARN_ENUM_CONVERSION = YES;
				CLANG_WARN_INFINITE_RECURSION = YES;
				CLANG_WARN_INT_CONVERSION = YES;
				CLANG_WARN_NON_LITERAL_NULL_CONVERSION = YES;
				CLANG_WARN_OBJC_IMPLICIT_RETAIN_SELF = YES;
				CLANG_WARN_OBJC_LITERAL_CONVERSION = YES;
				CLANG_WARN_OBJC_ROOT_CLASS = YES_ERROR;
				CLANG_WARN_RANGE_LOOP_ANALYSIS = YES;
				CLANG_WARN_STRICT_PROTOTYPES = YES;
				CLANG_WARN_SUSPICIOUS_MOVE = YES;
				CLANG_WARN_UNGUARDED_AVAILABILITY = YES_AGGRESSIVE;
				CLANG_WARN_UNREACHABLE_CODE = YES;
				CLANG_WARN__DUPLICATE_METHOD_MATCH = YES;
				CODE_SIGN_IDENTITY = "-";
				COPY_PHASE_STRIP = NO;
				DEBUG_INFORMATION_FORMAT = dwarf;
				ENABLE_STRICT_OBJC_MSGSEND = YES;
				ENABLE_TESTABILITY = YES;
				GCC_C_LANGUAGE_STANDARD = gnu11;
				GCC_DYNAMIC_NO_PIC = NO;
				GCC_NO_COMMON_BLOCKS = YES;
				GCC_OPTIMIZATION_LEVEL = 0;
				GCC_PREPROCESSOR_DEFINITIONS = (
					"DEBUG=1",
					"$(inherited)",
				);
				GCC_WARN_64_TO_32_BIT_CONVERSION = YES;
				GCC_WARN_ABOUT_RETURN_TYPE = YES_ERROR;
				GCC_WARN_UNDECLARED_SELECTOR = YES;
				GCC_WARN_UNINITIALIZED_AUTOS = YES_AGGRESSIVE;
				GCC_WARN_UNUSED_FUNCTION = YES;
				GCC_WARN_UNUSED_VARIABLE = YES;
				MACOSX_DEPLOYMENT_TARGET = 10.13;
				MTL_ENABLE_DEBUG_INFO = INCLUDE_SOURCE;
				MTL_FAST_MATH = YES;
				ONLY_ACTIVE_ARCH = YES;
				SDKROOT = macosx;
			};
			name = Debug;
		};
		23309B3D21E3AAA100892406 /* Release */ = {
			isa = XCBuildConfiguration;
			buildSettings = {
				ALWAYS_SEARCH_USER_PATHS = NO;
				CLANG_ANALYZER_NONNULL = YES;
				CLANG_ANALYZER_NUMBER_OBJECT_CONVERSION = YES_AGGRESSIVE;
				CLANG_CXX_LANGUAGE_STANDARD = "gnu++14";
				CLANG_CXX_LIBRARY = "libc++";
				CLANG_ENABLE_MODULES = YES;
				CLANG_ENABLE_OBJC_ARC = YES;
				CLANG_ENABLE_OBJC_WEAK = YES;
				CLANG_WARN_BLOCK_CAPTURE_AUTORELEASING = YES;
				CLANG_WARN_BOOL_CONVERSION = YES;
				CLANG_WARN_COMMA = YES;
				CLANG_WARN_CONSTANT_CONVERSION = YES;
				CLANG_WARN_DEPRECATED_OBJC_IMPLEMENTATIONS = YES;
				CLANG_WARN_DIRECT_OBJC_ISA_USAGE = YES_ERROR;
				CLANG_WARN_DOCUMENTATION_COMMENTS = YES;
				CLANG_WARN_EMPTY_BODY = YES;
				CLANG_WARN_ENUM_CONVERSION = YES;
				CLANG_WARN_INFINITE_RECURSION = YES;
				CLANG_WARN_INT_CONVERSION = YES;
				CLANG_WARN_NON_LITERAL_NULL_CONVERSION = YES;
				CLANG_WARN_OBJC_IMPLICIT_RETAIN_SELF = YES;
				CLANG_WARN_OBJC_LITERAL_CONVERSION = YES;
				CLANG_WARN_OBJC_ROOT_CLASS = YES_ERROR;
				CLANG_WARN_RANGE_LOOP_ANALYSIS = YES;
				CLANG_WARN_STRICT_PROTOTYPES = YES;
				CLANG_WARN_SUSPICIOUS_MOVE = YES;
				CLANG_WARN_UNGUARDED_AVAILABILITY = YES_AGGRESSIVE;
				CLANG_WARN_UNREACHABLE_CODE = YES;
				CLANG_WARN__DUPLICATE_METHOD_MATCH = YES;
				CODE_SIGN_IDENTITY = "-";
				COPY_PHASE_STRIP = NO;
				DEBUG_INFORMATION_FORMAT = "dwarf-with-dsym";
				ENABLE_NS_ASSERTIONS = NO;
				ENABLE_STRICT_OBJC_MSGSEND = YES;
				GCC_C_LANGUAGE_STANDARD = gnu11;
				GCC_NO_COMMON_BLOCKS = YES;
				GCC_WARN_64_TO_32_BIT_CONVERSION = YES;
				GCC_WARN_ABOUT_RETURN_TYPE = YES_ERROR;
				GCC_WARN_UNDECLARED_SELECTOR = YES;
				GCC_WARN_UNINITIALIZED_AUTOS = YES_AGGRESSIVE;
				GCC_WARN_UNUSED_FUNCTION = YES;
				GCC_WARN_UNUSED_VARIABLE = YES;
				MACOSX_DEPLOYMENT_TARGET = 10.13;
				MTL_ENABLE_DEBUG_INFO = NO;
				MTL_FAST_MATH = YES;
				SDKROOT = macosx;
			};
			name = Release;
		};
		23309B3F21E3AAA100892406 /* Debug */ = {
			isa = XCBuildConfiguration;
			buildSettings = {
				CODE_SIGN_STYLE = Automatic;
				PRODUCT_NAME = "$(TARGET_NAME)";
			};
			name = Debug;
		};
		23309B4021E3AAA100892406 /* Release */ = {
			isa = XCBuildConfiguration;
			buildSettings = {
				CODE_SIGN_STYLE = Automatic;
				PRODUCT_NAME = "$(TARGET_NAME)";
			};
			name = Release;
		};
		23309B5021E6688000892406 /* Debug */ = {
			isa = XCBuildConfiguration;
			buildSettings = {
				CODE_SIGN_STYLE = Automatic;
				PRODUCT_NAME = "$(TARGET_NAME)";
			};
			name = Debug;
		};
		23309B5121E6688000892406 /* Release */ = {
			isa = XCBuildConfiguration;
			buildSettings = {
				CODE_SIGN_STYLE = Automatic;
				PRODUCT_NAME = "$(TARGET_NAME)";
			};
			name = Release;
		};
		501898AE21F4A46A00F1EF4D /* Debug */ = {
			isa = XCBuildConfiguration;
			buildSettings = {
				CODE_SIGN_STYLE = Automatic;
				HEADER_SEARCH_PATHS = "\"${SRCROOT}\"/tests/libvorbis-standalone";
				PRODUCT_NAME = "$(TARGET_NAME)";
			};
			name = Debug;
		};
		501898AF21F4A46A00F1EF4D /* Release */ = {
			isa = XCBuildConfiguration;
			buildSettings = {
				CODE_SIGN_STYLE = Automatic;
				HEADER_SEARCH_PATHS = "\"${SRCROOT}\"/tests/libvorbis-standalone";
				PRODUCT_NAME = "$(TARGET_NAME)";
			};
			name = Release;
		};
/* End XCBuildConfiguration section */

/* Begin XCConfigurationList section */
		23309B3221E3AAA100892406 /* Build configuration list for PBXProject "ParseOggVorbis" */ = {
			isa = XCConfigurationList;
			buildConfigurations = (
				23309B3C21E3AAA100892406 /* Debug */,
				23309B3D21E3AAA100892406 /* Release */,
			);
			defaultConfigurationIsVisible = 0;
			defaultConfigurationName = Release;
		};
		23309B3E21E3AAA100892406 /* Build configuration list for PBXNativeTarget "ParseOggVorbis" */ = {
			isa = XCConfigurationList;
			buildConfigurations = (
				23309B3F21E3AAA100892406 /* Debug */,
				23309B4021E3AAA100892406 /* Release */,
			);
			defaultConfigurationIsVisible = 0;
			defaultConfigurationName = Release;
		};
		23309B4F21E6688000892406 /* Build configuration list for PBXNativeTarget "Test" */ = {
			isa = XCConfigurationList;
			buildConfigurations = (
				23309B5021E6688000892406 /* Debug */,
				23309B5121E6688000892406 /* Release */,
			);
			defaultConfigurationIsVisible = 0;
			defaultConfigurationName = Release;
		};
		501898AD21F4A46A00F1EF4D /* Build configuration list for PBXNativeTarget "libvorbis-standalone" */ = {
			isa = XCConfigurationList;
			buildConfigurations = (
				501898AE21F4A46A00F1EF4D /* Debug */,
				501898AF21F4A46A00F1EF4D /* Release */,
			);
			defaultConfigurationIsVisible = 0;
			defaultConfigurationName = Release;
		};
/* End XCConfigurationList section */
	};
	rootObject = 23309B2F21E3AAA100892406 /* Project object */;
}
